
Microsoft Visual Studio Solution File, Format Version 12.00
# Visual Studio Version 16
VisualStudioVersion = 16.0.32630.195
MinimumVisualStudioVersion = 10.0.40219.1
Project("{FAE04EC0-301F-11D3-BF4B-00C04F79EFBC}") = "SalesDashboard", "SalesDashboard\SalesDashboard.csproj", "{47E7D3F0-8F5E-4098-8C7D-3FF1BB3F694F}"
EndProject
Global
	GlobalSection(SolutionConfigurationPlatforms) = preSolution
		Debug|Any CPU = Debug|Any CPU
		Release|Any CPU = Release|Any CPU
	EndGlobalSection
	GlobalSection(ProjectConfigurationPlatforms) = postSolution
		{47E7D3F0-8F5E-4098-8C7D-3FF1BB3F694F}.Debug|Any CPU.ActiveCfg = Debug|Any CPU
		{47E7D3F0-8F5E-4098-8C7D-3FF1BB3F694F}.Debug|Any CPU.Build.0 = Debug|Any CPU
		{47E7D3F0-8F5E-4098-8C7D-3FF1BB3F694F}.Release|Any CPU.ActiveCfg = Release|Any CPU
		{47E7D3F0-8F5E-4098-8C7D-3FF1BB3F694F}.Release|Any CPU.Build.0 = Release|Any CPU
	EndGlobalSection
	GlobalSection(SolutionProperties) = preSolution
		HideSolutionNode = FALSE
	EndGlobalSection
	GlobalSection(ExtensibilityGlobals) = postSolution
		SolutionGuid = {C18BAE75-2B49-4C26-B878-2874CE39AE92}
	EndGlobalSection
EndGlobal
